
Microsoft Visual Studio Solution File, Format Version 12.00
# Visual Studio Version 17
VisualStudioVersion = 17.11.35312.102
MinimumVisualStudioVersion = 10.0.40219.1
Project("{FAE04EC0-301F-11D3-BF4B-00C04F79EFBC}") = "Aplikacja13", "Aplikacja13.csproj", "{0E07EE40-BAC2-4BD2-A9CA-8F744FEE6120}"
EndProject
Global
	GlobalSection(SolutionConfigurationPlatforms) = preSolution
		Debug|Any CPU = Debug|Any CPU
		Release|Any CPU = Release|Any CPU
	EndGlobalSection
	GlobalSection(ProjectConfigurationPlatforms) = postSolution
		{0E07EE40-BAC2-4BD2-A9CA-8F744FEE6120}.Debug|Any CPU.ActiveCfg = Debug|Any CPU
		{0E07EE40-BAC2-4BD2-A9CA-8F744FEE6120}.Debug|Any CPU.Build.0 = Debug|Any CPU
		{0E07EE40-BAC2-4BD2-A9CA-8F744FEE6120}.Release|Any CPU.ActiveCfg = Release|Any CPU
		{0E07EE40-BAC2-4BD2-A9CA-8F744FEE6120}.Release|Any CPU.Build.0 = Release|Any CPU
	EndGlobalSection
	GlobalSection(SolutionProperties) = preSolution
		HideSolutionNode = FALSE
	EndGlobalSection
	GlobalSection(ExtensibilityGlobals) = postSolution
		SolutionGuid = {A42AF074-1F0E-46AF-AF27-C8F0CB631719}
	EndGlobalSection
EndGlobal
