
Microsoft Visual Studio Solution File, Format Version 12.00
# Visual Studio Version 17
VisualStudioVersion = 17.11.35327.3
MinimumVisualStudioVersion = 10.0.40219.1
Project("{FAE04EC0-301F-11D3-BF4B-00C04F79EFBC}") = "Aplikacja7", "Aplikacja7.csproj", "{E6C15EF0-499A-462B-820F-480E7A11F45F}"
EndProject
Global
	GlobalSection(SolutionConfigurationPlatforms) = preSolution
		Debug|Any CPU = Debug|Any CPU
		Release|Any CPU = Release|Any CPU
	EndGlobalSection
	GlobalSection(ProjectConfigurationPlatforms) = postSolution
		{E6C15EF0-499A-462B-820F-480E7A11F45F}.Debug|Any CPU.ActiveCfg = Debug|Any CPU
		{E6C15EF0-499A-462B-820F-480E7A11F45F}.Debug|Any CPU.Build.0 = Debug|Any CPU
		{E6C15EF0-499A-462B-820F-480E7A11F45F}.Release|Any CPU.ActiveCfg = Release|Any CPU
		{E6C15EF0-499A-462B-820F-480E7A11F45F}.Release|Any CPU.Build.0 = Release|Any CPU
	EndGlobalSection
	GlobalSection(SolutionProperties) = preSolution
		HideSolutionNode = FALSE
	EndGlobalSection
	GlobalSection(ExtensibilityGlobals) = postSolution
		SolutionGuid = {2D42F882-DEBE-4E9B-9C6B-B2C92F1F6B21}
	EndGlobalSection
EndGlobal
